{
  "name": "simple",
  "version": "1.0.0",
  "lockfileVersion": 3,
  "requires": true,
  "packages": {
    "": {
      "name": "simple",
      "version": "1.0.0",
      "license": "ISC",
      "devDependencies": {
        "cli": "file:~/Development/github/uatec/teleformjs/src/cli"
      }
    },
    "../../../../src/cli": {
      "extraneous": true
    },
    "../../../src/cli": {
      "version": "1.0.0",
      "dev": true,
      "license": "ISC",
      "dependencies": {
        "chokidar": "^4.0.1",
        "commander": "^12.1.0",
        "ngrok": "^5.0.0-beta.2"
      },
      "bin": {
        "cli": "index.js"
      }
    },
    "../../src/cli": {
      "extraneous": true
    },
    "../src/cli": {
      "extraneous": true
    },
    "node_modules/cli": {
      "resolved": "../../../src/cli",
      "link": true
    }
  }
}
